
Microsoft Visual Studio Solution File, Format Version 12.00
# Visual Studio Version 17
VisualStudioVersion = 17.1.32210.238
MinimumVisualStudioVersion = 10.0.40219.1
Project("{FAE04EC0-301F-11D3-BF4B-00C04F79EFBC}") = "MvcTutorial20220421", "MvcTutorial20220421\MvcTutorial20220421.csproj", "{DD9E8F65-92B9-42BF-8AAE-BF705AAE790B}"
EndProject
Global
	GlobalSection(SolutionConfigurationPlatforms) = preSolution
		Debug|Any CPU = Debug|Any CPU
		Release|Any CPU = Release|Any CPU
	EndGlobalSection
	GlobalSection(ProjectConfigurationPlatforms) = postSolution
		{DD9E8F65-92B9-42BF-8AAE-BF705AAE790B}.Debug|Any CPU.ActiveCfg = Debug|Any CPU
		{DD9E8F65-92B9-42BF-8AAE-BF705AAE790B}.Debug|Any CPU.Build.0 = Debug|Any CPU
		{DD9E8F65-92B9-42BF-8AAE-BF705AAE790B}.Release|Any CPU.ActiveCfg = Release|Any CPU
		{DD9E8F65-92B9-42BF-8AAE-BF705AAE790B}.Release|Any CPU.Build.0 = Release|Any CPU
	EndGlobalSection
	GlobalSection(SolutionProperties) = preSolution
		HideSolutionNode = FALSE
	EndGlobalSection
	GlobalSection(ExtensibilityGlobals) = postSolution
		SolutionGuid = {F63025A2-5604-42EC-820E-F41062F3D640}
	EndGlobalSection
EndGlobal
